<?xml version="1.0" encoding="utf-8"?>
<Project ToolsVersion="4.0" xmlns="http://schemas.microsoft.com/developer/msbuild/2003">
  <ItemGroup>
    <Filter Include="network">
      <UniqueIdentifier>{7dc18982-756e-45b7-9a9e-b9551a88f540}</UniqueIdentifier>
    </Filter>
    <Filter Include="common">
      <UniqueIdentifier>{3a5da302-04ea-425f-b349-7f90de905bdf}</UniqueIdentifier>
    </Filter>
    <Filter Include="database">
      <UniqueIdentifier>{bf054a08-e31c-48e2-906d-d364a1ba4325}</UniqueIdentifier>
    </Filter>
    <Filter Include="module">
      <UniqueIdentifier>{78b17045-1394-43f8-8b0b-7f764e9e33b8}</UniqueIdentifier>
    </Filter>
    <Filter Include="multiprocess">
      <UniqueIdentifier>{e7e38256-217d-4d60-ab4c-1b90b1e5570e}</UniqueIdentifier>
    </Filter>
  </ItemGroup>
  <ItemGroup>
    <ClCompile Include="..\src\network\accept_session.cpp">
      <Filter>network</Filter>
    </ClCompile>
    <ClCompile Include="..\src\network\connect_session.cpp">
      <Filter>network</Filter>
    </ClCompile>
    <ClCompile Include="..\src\network\network.cpp">
      <Filter>network</Filter>
    </ClCompile>
    <ClCompile Include="..\src\module\module_driver.cpp">
      <Filter>module</Filter>
    </ClCompile>
    <ClCompile Include="..\src\common\byte_array.cpp">
      <Filter>common</Filter>
    </ClCompile>
    <ClCompile Include="..\src\common\debug_message.cpp">
      <Filter>common</Filter>
    </ClCompile>
    <ClCompile Include="..\src\common\tools.cpp">
      <Filter>common</Filter>
    </ClCompile>
    <ClCompile Include="..\src\network\protobuf_network.cpp">
      <Filter>network</Filter>
    </ClCompile>
  </ItemGroup>
  <ItemGroup>
    <ClInclude Include="..\src\network\accept_session.hpp">
      <Filter>network</Filter>
    </ClInclude>
    <ClInclude Include="..\src\network\connect_session.hpp">
      <Filter>network</Filter>
    </ClInclude>
    <ClInclude Include="..\src\network\network.hpp">
      <Filter>network</Filter>
    </ClInclude>
    <ClInclude Include="..\src\network\socket_data.hpp">
      <Filter>network</Filter>
    </ClInclude>
    <ClInclude Include="..\src\multiprocess\test.h">
      <Filter>multiprocess</Filter>
    </ClInclude>
    <ClInclude Include="..\src\module\i_module.hpp">
      <Filter>module</Filter>
    </ClInclude>
    <ClInclude Include="..\src\module\module_driver.hpp">
      <Filter>module</Filter>
    </ClInclude>
    <ClInclude Include="..\src\database\test.h">
      <Filter>database</Filter>
    </ClInclude>
    <ClInclude Include="..\src\common\byte_array.hpp">
      <Filter>common</Filter>
    </ClInclude>
    <ClInclude Include="..\src\common\debug_message.hpp">
      <Filter>common</Filter>
    </ClInclude>
    <ClInclude Include="..\src\common\tools.hpp">
      <Filter>common</Filter>
    </ClInclude>
    <ClInclude Include="..\src\network\i_network.hpp">
      <Filter>network</Filter>
    </ClInclude>
    <ClInclude Include="..\src\network\protobuf_network.h">
      <Filter>network</Filter>
    </ClInclude>
  </ItemGroup>
</Project>